hash: 9e91d6d786a37013ec1db2e162d356c9a6c85d19a553fb27ee7d0b1646d926c8
updated: 2017-07-29T19:37:36.605261576-04:00
imports:
- name: github.com/antchfx/xpath
  version: b5c552e1acbdd77b5e369eab0efd1e0f9d7090e4
- name: github.com/antchfx/xquery
  version: 0b2a6d901a1d9022b9a9f0ec8ed2a58c1b7fe383
  subpackages:
  - html
- name: github.com/jackc/pgx
  version: 69494780a8906839b5d2e9a72640846e96fe183b
  subpackages:
  - chunkreader
  - internal/sanitize
  - pgio
  - pgproto3
  - pgtype
- name: github.com/lib/pq
  version: dd1fe2071026ce53f36a39112e645b4d4f5793a4
- name: github.com/pkg/errors
  version: c605e284fe17294bda444b34710735b29d1a9d90
- name: go.uber.org/atomic
  version: 4e336646b2ef9fc6e47be8e21594178f98e5ebcf
- name: go.uber.org/multierr
  version: 3c4937480c32f4c13a875a1829af76c98ca3d40a
- name: go.uber.org/zap
  version: 9d9d6135afe89b6fc4a05e9a8552526caba38048
  subpackages:
  - buffer
  - internal/bufferpool
  - internal/color
  - internal/exit
  - zapcore
- name: golang.org/x/net
  version: a6577fac2d73be281a500b310739095313165611
  subpackages:
  - html
  - html/atom
  - html/charset
- name: golang.org/x/text
  version: a467ab3c3977c4a820c2a4a886d54eb7d68901f0
  subpackages:
  - encoding
  - encoding/charmap
  - encoding/htmlindex
  - encoding/internal
  - encoding/internal/identifier
  - encoding/japanese
  - encoding/korean
  - encoding/simplifiedchinese
  - encoding/traditionalchinese
  - encoding/unicode
  - internal/tag
  - internal/utf8internal
  - language
  - runes
  - transform
- name: gopkg.in/reform.v1
  version: aa2ae077c28edaf600cb1b9067e15aca0b0179bd
  subpackages:
  - reform
testImports: []
