hash: 13e53e2662d9528088fa010bd61847de805cca764840ae58d4cbb279f6d811a1
updated: 2017-07-30T18:08:08.139111685-04:00
imports:
- name: github.com/antchfx/xpath
  version: b5c552e1acbdd77b5e369eab0efd1e0f9d7090e4
- name: github.com/antchfx/xquery
  version: 0b2a6d901a1d9022b9a9f0ec8ed2a58c1b7fe383
  subpackages:
  - html
- name: github.com/jackc/pgx
  version: 69494780a8906839b5d2e9a72640846e96fe183b
  subpackages:
  - chunkreader
  - internal/sanitize
  - pgio
  - pgproto3
  - pgtype
- name: github.com/labstack/echo
  version: 935a60782cbbc55110e7bd4b33120e4567cbee43
- name: github.com/labstack/gommon
  version: 1121fd3e243c202482226a7afe4dcd07ffc4139a
  subpackages:
  - color
  - log
- name: github.com/lib/pq
  version: dd1fe2071026ce53f36a39112e645b4d4f5793a4
- name: github.com/mattn/go-colorable
  version: a392f450ea64cee2b268dfaacdc2502b50a22b18
- name: github.com/mattn/go-isatty
  version: 57fdcb988a5c543893cc61bce354a6e24ab70022
- name: github.com/pkg/errors
  version: c605e284fe17294bda444b34710735b29d1a9d90
- name: github.com/valyala/bytebufferpool
  version: e746df99fe4a3986f4d4f79e13c1e0117ce9c2f7
- name: github.com/valyala/fasttemplate
  version: dcecefd839c4193db0d35b88ec65b4c12d360ab0
- name: go.uber.org/atomic
  version: 4e336646b2ef9fc6e47be8e21594178f98e5ebcf
- name: go.uber.org/multierr
  version: 3c4937480c32f4c13a875a1829af76c98ca3d40a
- name: go.uber.org/zap
  version: 9d9d6135afe89b6fc4a05e9a8552526caba38048
  subpackages:
  - buffer
  - internal/bufferpool
  - internal/color
  - internal/exit
  - zapcore
- name: golang.org/x/crypto
  version: 9477e0b78b9ac3d0b03822fd95422e2fe07627cd
  subpackages:
  - acme
  - acme/autocert
- name: golang.org/x/net
  version: a6577fac2d73be281a500b310739095313165611
  subpackages:
  - context
  - context/ctxhttp
  - html
  - html/atom
  - html/charset
- name: golang.org/x/sys
  version: 99f16d856c9836c42d24e7ab64ea72916925fa97
  subpackages:
  - unix
- name: golang.org/x/text
  version: 3bd178b88a8180be2df394a1fbb81313916f0e7b
  subpackages:
  - encoding
  - encoding/charmap
  - encoding/htmlindex
  - encoding/internal
  - encoding/internal/identifier
  - encoding/japanese
  - encoding/korean
  - encoding/simplifiedchinese
  - encoding/traditionalchinese
  - encoding/unicode
  - internal/tag
  - internal/utf8internal
  - language
  - runes
  - transform
- name: gopkg.in/reform.v1
  version: aa2ae077c28edaf600cb1b9067e15aca0b0179bd
  subpackages:
  - reform
testImports: []
